{
  "nodes": {
    "nix_filter": {
      "locked": {
        "lastModified": 1645371475,
        "narHash": "sha256-z2n0y5ME7yQTqzzGWnQTVd1MG5Bp1E+of7ZgA861/9E=",
        "owner": "numtide",
        "repo": "nix-filter",
        "rev": "38bc843f1ce76958a9f6f0a1e4e3455221c8ecf6",
        "type": "github"
      },
      "original": {
        "owner": "numtide",
        "repo": "nix-filter",
        "type": "github"
      }
    },
    "nix_filter_2": {
      "locked": {
        "lastModified": 1645371475,
        "narHash": "sha256-z2n0y5ME7yQTqzzGWnQTVd1MG5Bp1E+of7ZgA861/9E=",
        "owner": "numtide",
        "repo": "nix-filter",
        "rev": "38bc843f1ce76958a9f6f0a1e4e3455221c8ecf6",
        "type": "github"
      },
      "original": {
        "owner": "numtide",
        "repo": "nix-filter",
        "type": "github"
      }
    },
    "nixpkgs": {
      "locked": {
        "lastModified": 1658172557,
        "narHash": "sha256-oMwKOcpt9IsuW3g7ZcSZEnTJOMgw9jzVxJOF+15xjNs=",
        "owner": "nixos",
        "repo": "nixpkgs",
        "rev": "02da3a122947e0ae1c024d276b03cb487f2266bd",
        "type": "github"
      },
      "original": {
        "owner": "nixos",
        "repo": "nixpkgs",
        "type": "github"
      }
    },
    "purity": {
      "inputs": {
        "nix_filter": "nix_filter_2",
        "nixpkgs": [
          "nixpkgs"
        ]
      },
      "locked": {
        "lastModified": 1668537152,
        "narHash": "sha256-pj3QzQMuWPHSe+trWyfTXTZ3gZGA4+ME80Us/hLv0qM=",
        "owner": "dmurciaatfluid",
        "repo": "purity",
        "rev": "c6802114d23a1793efb7a004b5e5add4ec599e90",
        "type": "gitlab"
      },
      "original": {
        "owner": "dmurciaatfluid",
        "ref": "v1.26.0",
        "repo": "purity",
        "type": "gitlab"
      }
    },
    "root": {
      "inputs": {
        "nix_filter": "nix_filter",
        "nixpkgs": "nixpkgs",
        "purity": "purity"
      }
    }
  },
  "root": "root",
  "version": 7
}
